{
    "_readme": [
        "This file locks the dependencies of your project to a known state",
        "Read more about it at https://getcomposer.org/doc/01-basic-usage.md#composer-lock-the-lock-file",
        "This file is @generated automatically"
    ],
    "content-hash": "3a5ec92f7343c11d846b6e0f9a570e3c",
    "packages": [
        {
            "name": "gabordemooij/redbean",
            "version": "v5.4.2",
            "source": {
                "type": "git",
                "url": "https://github.com/gabordemooij/redbean.git",
                "reference": "58d366ac135cf14c7b952cda075a7723dfb425a7"
            },
            "dist": {
                "type": "zip",
                "url": "https://api.github.com/repos/gabordemooij/redbean/zipball/58d366ac135cf14c7b952cda075a7723dfb425a7",
                "reference": "58d366ac135cf14c7b952cda075a7723dfb425a7",
                "shasum": ""
            },
            "require": {
                "php": ">=5.3.4"
            },
            "type": "library",
            "autoload": {
                "psr-4": {
                    "RedBeanPHP\\": "RedBeanPHP"
                }
            },
            "notification-url": "https://packagist.org/downloads/",
            "license": [
                "BSD-3-Clause"
            ],
            "authors": [
                {
                    "name": "Gabor de Mooij",
                    "email": "gabor@redbeanphp.com",
                    "homepage": "https://redbeanphp.com"
                }
            ],
            "description": "RedBeanPHP ORM",
            "homepage": "https://redbeanphp.com/",
            "keywords": [
                "orm"
            ],
            "time": "2019-12-26T17:14:58+00:00"
        },
        {
            "name": "mikecao/flight",
            "version": "v1.3.7",
            "source": {
                "type": "git",
                "url": "https://github.com/mikecao/flight.git",
                "reference": "7d5970f7617861c868a5c728764421d8950faaf0"
            },
            "dist": {
                "type": "zip",
                "url": "https://api.github.com/repos/mikecao/flight/zipball/7d5970f7617861c868a5c728764421d8950faaf0",
                "reference": "7d5970f7617861c868a5c728764421d8950faaf0",
                "shasum": ""
            },
            "require": {
                "php": ">=5.3.0"
            },
            "require-dev": {
                "phpunit/phpunit": "~4.6"
            },
            "type": "library",
            "autoload": {
                "files": [
                    "flight/autoload.php",
                    "flight/Flight.php"
                ]
            },
            "notification-url": "https://packagist.org/downloads/",
            "license": [
                "MIT"
            ],
            "authors": [
                {
                    "name": "Mike Cao",
                    "email": "mike@mikecao.com",
                    "homepage": "http://www.mikecao.com/",
                    "role": "Original Developer"
                }
            ],
            "description": "Flight is a fast, simple, extensible framework for PHP. Flight enables you to quickly and easily build RESTful web applications.",
            "homepage": "http://flightphp.com",
            "time": "2018-11-23T23:05:33+00:00"
        },
        {
            "name": "uspdev/cache",
            "version": "v0.7.0",
            "source": {
                "type": "git",
                "url": "https://github.com/uspdev/cache.git",
                "reference": "f2123dd3484246630d8e0a51d98f964e5af3c817"
            },
            "dist": {
                "type": "zip",
                "url": "https://api.github.com/repos/uspdev/cache/zipball/f2123dd3484246630d8e0a51d98f964e5af3c817",
                "reference": "f2123dd3484246630d8e0a51d98f964e5af3c817",
                "shasum": ""
            },
            "require": {
                "ext-memcached": "*",
                "php": ">=7.0"
            },
            "type": "library",
            "autoload": {
                "psr-4": {
                    "Uspdev\\Cache\\": "src"
                }
            },
            "notification-url": "https://packagist.org/downloads/",
            "license": [
                "GPL-3.0-or-later"
            ],
            "authors": [
                {
                    "name": "Masaki Kawabata Neto",
                    "email": "masaki.kawabata@gmail.com"
                }
            ],
            "description": "Library to connect to cache server",
            "homepage": "https://github.com/uspdev/cache",
            "time": "2020-03-24T23:11:31+00:00"
        },
        {
            "name": "uspdev/ip-control",
            "version": "v0.2.0",
            "source": {
                "type": "git",
                "url": "https://github.com/uspdev/ip-control.git",
                "reference": "78eb22a8c7e1f5d163aaf0691fdd034e88f21c81"
            },
            "dist": {
                "type": "zip",
                "url": "https://api.github.com/repos/uspdev/ip-control/zipball/78eb22a8c7e1f5d163aaf0691fdd034e88f21c81",
                "reference": "78eb22a8c7e1f5d163aaf0691fdd034e88f21c81",
                "shasum": ""
            },
            "type": "library",
            "autoload": {
                "psr-4": {
                    "Uspdev\\Ipcontrol\\": "src"
                }
            },
            "notification-url": "https://packagist.org/downloads/",
            "license": [
                "GPL-3.0-or-later"
            ],
            "authors": [
                {
                    "name": "Masaki Kawabata Neto",
                    "email": "kawabata@usp.br"
                }
            ],
            "description": "Blibliteca de controle de acesso por IP",
            "time": "2020-03-24T23:39:56+00:00"
        }
    ],
    "packages-dev": [],
    "aliases": [],
    "minimum-stability": "dev",
    "stability-flags": [],
    "prefer-stable": true,
    "prefer-lowest": false,
    "platform": [],
    "platform-dev": []
}
